# THIS IS AN AUTOGENERATED FILE. DO NOT EDIT THIS FILE DIRECTLY.
# yarn lockfile v1


"@fortawesome/fontawesome-pro@^5.7.2":
  version "5.7.2"
  resolved "https://npm.fontawesome.com/@fortawesome/fontawesome-pro/-/fontawesome-pro-5.7.2.tgz#7455ec09f58d09ab4a638af57a7561d2a1d88da8"
  integrity sha512-l9D5FTI18ixNC+WNY7d7hOQxt4aumSHJCGbFhbhG7mZpsvtY2Zm3hluoZgSyHLlG4yRRJRR3YriEwboChj6hFA==

bootstrap@^4.3.0:
  version "4.3.0"
  resolved "https://registry.yarnpkg.com/bootstrap/-/bootstrap-4.3.0.tgz#2559ccb8d45426ac6c54db23eb3d1c9f4257fa22"
  integrity sha512-M0vqY0Z6UDweV2nLFl5dXcb+GIo53EBCGMMVxCGH5vJxl/jsr+HkULBMd4kn9rdpdBZwd3BduCgMOYOwJybo4Q==

jquery@3:
  version "3.4.0"
  resolved "https://registry.yarnpkg.com/jquery/-/jquery-3.4.0.tgz#8de513fa0fa4b2c7d2e48a530e26f0596936efdf"
  integrity sha512-ggRCXln9zEqv6OqAGXFEcshF5dSBvCkzj6Gm2gzuR5fWawaX8t7cxKVkkygKODrDAzKdoYw3l/e3pm3vlT4IbQ==
